
Microsoft Visual Studio Solution File, Format Version 12.00
# Visual Studio Version 17
VisualStudioVersion = 17.1.32328.378
MinimumVisualStudioVersion = 10.0.40219.1
Project("{FAE04EC0-301F-11D3-BF4B-00C04F79EFBC}") = "zarAtmaUygulamasi", "zarAtmaUygulamasi\zarAtmaUygulamasi.csproj", "{8F10AB64-1240-445A-B997-34150B8FA31D}"
EndProject
Global
	GlobalSection(SolutionConfigurationPlatforms) = preSolution
		Debug|Any CPU = Debug|Any CPU
		Release|Any CPU = Release|Any CPU
	EndGlobalSection
	GlobalSection(ProjectConfigurationPlatforms) = postSolution
		{8F10AB64-1240-445A-B997-34150B8FA31D}.Debug|Any CPU.ActiveCfg = Debug|Any CPU
		{8F10AB64-1240-445A-B997-34150B8FA31D}.Debug|Any CPU.Build.0 = Debug|Any CPU
		{8F10AB64-1240-445A-B997-34150B8FA31D}.Release|Any CPU.ActiveCfg = Release|Any CPU
		{8F10AB64-1240-445A-B997-34150B8FA31D}.Release|Any CPU.Build.0 = Release|Any CPU
	EndGlobalSection
	GlobalSection(SolutionProperties) = preSolution
		HideSolutionNode = FALSE
	EndGlobalSection
	GlobalSection(ExtensibilityGlobals) = postSolution
		SolutionGuid = {6F8A6F0A-46BC-4AC9-ABE6-92A08612C51C}
	EndGlobalSection
EndGlobal
